
Microsoft Visual Studio Solution File, Format Version 12.00
# Visual Studio Version 16
VisualStudioVersion = 16.0.29326.143
MinimumVisualStudioVersion = 10.0.40219.1
Project("{9A19103F-16F7-4668-BE54-9A1E7A4F7556}") = "WebsocketMQTTBridge", "WebsocketMQTTBridge.csproj", "{47A215FC-951C-495F-B01B-F54C5634D6CC}"
EndProject
Project("{FAE04EC0-301F-11D3-BF4B-00C04F79EFBC}") = "WebsocketMQTTBridge.Test", "..\WebsocketMQTTBridge.Test\WebsocketMQTTBridge.Test.csproj", "{D9774EB8-A5EB-40D8-92F2-B8E81AF6F474}"
EndProject
Global
	GlobalSection(SolutionConfigurationPlatforms) = preSolution
		Debug|Any CPU = Debug|Any CPU
		Release|Any CPU = Release|Any CPU
	EndGlobalSection
	GlobalSection(ProjectConfigurationPlatforms) = postSolution
		{47A215FC-951C-495F-B01B-F54C5634D6CC}.Debug|Any CPU.ActiveCfg = Debug|Any CPU
		{47A215FC-951C-495F-B01B-F54C5634D6CC}.Debug|Any CPU.Build.0 = Debug|Any CPU
		{47A215FC-951C-495F-B01B-F54C5634D6CC}.Release|Any CPU.ActiveCfg = Release|Any CPU
		{47A215FC-951C-495F-B01B-F54C5634D6CC}.Release|Any CPU.Build.0 = Release|Any CPU
		{D9774EB8-A5EB-40D8-92F2-B8E81AF6F474}.Debug|Any CPU.ActiveCfg = Debug|Any CPU
		{D9774EB8-A5EB-40D8-92F2-B8E81AF6F474}.Debug|Any CPU.Build.0 = Debug|Any CPU
		{D9774EB8-A5EB-40D8-92F2-B8E81AF6F474}.Release|Any CPU.ActiveCfg = Release|Any CPU
		{D9774EB8-A5EB-40D8-92F2-B8E81AF6F474}.Release|Any CPU.Build.0 = Release|Any CPU
	EndGlobalSection
	GlobalSection(SolutionProperties) = preSolution
		HideSolutionNode = FALSE
	EndGlobalSection
	GlobalSection(ExtensibilityGlobals) = postSolution
		SolutionGuid = {24A3B556-D829-49F9-A4EF-F850572103B2}
	EndGlobalSection
EndGlobal
